
Microsoft Visual Studio Solution File, Format Version 12.00
# Visual Studio Version 16
VisualStudioVersion = 16.0.31402.337
MinimumVisualStudioVersion = 10.0.40219.1
Project("{FAE04EC0-301F-11D3-BF4B-00C04F79EFBC}") = "Notepad", "Notepad\Notepad.csproj", "{0CD66C4E-B687-4DB9-8FF9-2818173C72C8}"
EndProject
Global
	GlobalSection(SolutionConfigurationPlatforms) = preSolution
		Debug|Any CPU = Debug|Any CPU
		Release|Any CPU = Release|Any CPU
	EndGlobalSection
	GlobalSection(ProjectConfigurationPlatforms) = postSolution
		{0CD66C4E-B687-4DB9-8FF9-2818173C72C8}.Debug|Any CPU.ActiveCfg = Debug|Any CPU
		{0CD66C4E-B687-4DB9-8FF9-2818173C72C8}.Debug|Any CPU.Build.0 = Debug|Any CPU
		{0CD66C4E-B687-4DB9-8FF9-2818173C72C8}.Release|Any CPU.ActiveCfg = Release|Any CPU
		{0CD66C4E-B687-4DB9-8FF9-2818173C72C8}.Release|Any CPU.Build.0 = Release|Any CPU
	EndGlobalSection
	GlobalSection(SolutionProperties) = preSolution
		HideSolutionNode = FALSE
	EndGlobalSection
	GlobalSection(ExtensibilityGlobals) = postSolution
		SolutionGuid = {90F31584-BC20-4123-811E-836E9891A1C9}
	EndGlobalSection
EndGlobal
